# This file is @generated by PDM.
# It is not intended for manual editing.

[metadata]
groups = ["default", "lint", "test"]
strategy = ["inherit_metadata"]
lock_version = "4.5.0"
content_hash = "sha256:067f6f0051c8458698d43d37c698d7d5719a6b8786905ab81602cb8269c2d43e"

[[metadata.targets]]
requires_python = ">=3.12"

[[package]]
name = "amqp"
version = "5.2.0"
requires_python = ">=3.6"
summary = "Low-level AMQP client for Python (fork of amqplib)."
groups = ["default"]
dependencies = [
    "vine<6.0.0,>=5.0.0",
]
files = [
    {file = "amqp-5.2.0-py3-none-any.whl", hash = "sha256:827cb12fb0baa892aad844fd95258143bce4027fdac4fccddbc43330fd281637"},
    {file = "amqp-5.2.0.tar.gz", hash = "sha256:a1ecff425ad063ad42a486c902807d1482311481c8ad95a72694b2975e75f7fd"},
]

[[package]]
name = "asgiref"
version = "3.7.2"
requires_python = ">=3.7"
summary = "ASGI specs, helper code, and adapters"
groups = ["default", "lint", "test"]
dependencies = [
    "typing-extensions>=4; python_version < \"3.11\"",
]
files = [
    {file = "asgiref-3.7.2-py3-none-any.whl", hash = "sha256:89b2ef2247e3b562a16eef663bc0e2e703ec6468e2fa8a5cd61cd449786d4f6e"},
    {file = "asgiref-3.7.2.tar.gz", hash = "sha256:9e0ce3aa93a819ba5b45120216b23878cf6e8525eb3848653452b4192b92afed"},
]

[[package]]
name = "attrs"
version = "23.1.0"
requires_python = ">=3.7"
summary = "Classes Without Boilerplate"
groups = ["default"]
dependencies = [
    "importlib-metadata; python_version < \"3.8\"",
]
files = [
    {file = "attrs-23.1.0-py3-none-any.whl", hash = "sha256:1f28b4522cdc2fb4256ac1a020c78acf9cba2c6b461ccd2c126f3aa8e8335d04"},
    {file = "attrs-23.1.0.tar.gz", hash = "sha256:6279836d581513a26f1bf235f9acd333bc9115683f14f7e8fae46c98fc50e015"},
]

[[package]]
name = "billiard"
version = "4.2.0"
requires_python = ">=3.7"
summary = "Python multiprocessing fork with improvements and bugfixes"
groups = ["default"]
files = [
    {file = "billiard-4.2.0-py3-none-any.whl", hash = "sha256:07aa978b308f334ff8282bd4a746e681b3513db5c9a514cbdd810cbbdc19714d"},
    {file = "billiard-4.2.0.tar.gz", hash = "sha256:9a3c3184cb275aa17a732f93f65b20c525d3d9f253722d26a82194803ade5a2c"},
]

[[package]]
name = "celery"
version = "5.4.0"
requires_python = ">=3.8"
summary = "Distributed Task Queue."
groups = ["default"]
dependencies = [
    "backports-zoneinfo>=0.2.1; python_version < \"3.9\"",
    "billiard<5.0,>=4.2.0",
    "click-didyoumean>=0.3.0",
    "click-plugins>=1.1.1",
    "click-repl>=0.2.0",
    "click<9.0,>=8.1.2",
    "importlib-metadata>=3.6; python_version < \"3.8\"",
    "kombu<6.0,>=5.3.4",
    "python-dateutil>=2.8.2",
    "tzdata>=2022.7",
    "vine<6.0,>=5.1.0",
]
files = [
    {file = "celery-5.4.0-py3-none-any.whl", hash = "sha256:369631eb580cf8c51a82721ec538684994f8277637edde2dfc0dacd73ed97f64"},
    {file = "celery-5.4.0.tar.gz", hash = "sha256:504a19140e8d3029d5acad88330c541d4c3f64c789d85f94756762d8bca7e706"},
]

[[package]]
name = "cfgv"
version = "3.4.0"
requires_python = ">=3.8"
summary = "Validate configuration and produce human readable error messages."
groups = ["lint"]
files = [
    {file = "cfgv-3.4.0-py2.py3-none-any.whl", hash = "sha256:b7265b1f29fd3316bfcd2b330d63d024f2bfd8bcb8b0272f8e19a504856c48f9"},
    {file = "cfgv-3.4.0.tar.gz", hash = "sha256:e52591d4c5f5dead8e0f673fb16db7949d2cfb3f7da4582893288f0ded8fe560"},
]

[[package]]
name = "click"
version = "8.1.7"
requires_python = ">=3.7"
summary = "Composable command line interface toolkit"
groups = ["default"]
dependencies = [
    "colorama; platform_system == \"Windows\"",
    "importlib-metadata; python_version < \"3.8\"",
]
files = [
    {file = "click-8.1.7-py3-none-any.whl", hash = "sha256:ae74fb96c20a0277a1d615f1e4d73c8414f5a98db8b799a7931d1582f3390c28"},
    {file = "click-8.1.7.tar.gz", hash = "sha256:ca9853ad459e787e2192211578cc907e7594e294c7ccc834310722b41b9ca6de"},
]

[[package]]
name = "click-didyoumean"
version = "0.3.1"
requires_python = ">=3.6.2"
summary = "Enables git-like *did-you-mean* feature in click"
groups = ["default"]
dependencies = [
    "click>=7",
]
files = [
    {file = "click_didyoumean-0.3.1-py3-none-any.whl", hash = "sha256:5c4bb6007cfea5f2fd6583a2fb6701a22a41eb98957e63d0fac41c10e7c3117c"},
    {file = "click_didyoumean-0.3.1.tar.gz", hash = "sha256:4f82fdff0dbe64ef8ab2279bd6aa3f6a99c3b28c05aa09cbfc07c9d7fbb5a463"},
]

[[package]]
name = "click-plugins"
version = "1.1.1"
summary = "An extension module for click to enable registering CLI commands via setuptools entry-points."
groups = ["default"]
dependencies = [
    "click>=4.0",
]
files = [
    {file = "click-plugins-1.1.1.tar.gz", hash = "sha256:46ab999744a9d831159c3411bb0c79346d94a444df9a3a3742e9ed63645f264b"},
    {file = "click_plugins-1.1.1-py2.py3-none-any.whl", hash = "sha256:5d262006d3222f5057fd81e1623d4443e41dcda5dc815c06b442aa3c02889fc8"},
]

[[package]]
name = "click-repl"
version = "0.3.0"
requires_python = ">=3.6"
summary = "REPL plugin for Click"
groups = ["default"]
dependencies = [
    "click>=7.0",
    "prompt-toolkit>=3.0.36",
]
files = [
    {file = "click-repl-0.3.0.tar.gz", hash = "sha256:17849c23dba3d667247dc4defe1757fff98694e90fe37474f3feebb69ced26a9"},
    {file = "click_repl-0.3.0-py3-none-any.whl", hash = "sha256:fb7e06deb8da8de86180a33a9da97ac316751c094c6899382da7feeeeb51b812"},
]

[[package]]
name = "colorama"
version = "0.4.6"
requires_python = "!=3.0.*,!=3.1.*,!=3.2.*,!=3.3.*,!=3.4.*,!=3.5.*,!=3.6.*,>=2.7"
summary = "Cross-platform colored terminal text."
groups = ["default", "test"]
marker = "sys_platform == \"win32\" or platform_system == \"Windows\""
files = [
    {file = "colorama-0.4.6-py2.py3-none-any.whl", hash = "sha256:4f1d9991f5acc0ca119f9d443620b77f9d6b33703e51011c16baf57afb285fc6"},
    {file = "colorama-0.4.6.tar.gz", hash = "sha256:08695f5cb7ed6e0531a20572697297273c47b8cae5a63ffc6d6ed5c201be6e44"},
]

[[package]]
name = "coverage"
version = "7.6.0"
requires_python = ">=3.8"
summary = "Code coverage measurement for Python"
groups = ["test"]
files = [
    {file = "coverage-7.6.0-cp312-cp312-macosx_10_9_x86_64.whl", hash = "sha256:f7db0b6ae1f96ae41afe626095149ecd1b212b424626175a6633c2999eaad45b"},
    {file = "coverage-7.6.0-cp312-cp312-macosx_11_0_arm64.whl", hash = "sha256:bbdf9a72403110a3bdae77948b8011f644571311c2fb35ee15f0f10a8fc082e8"},
    {file = "coverage-7.6.0-cp312-cp312-manylinux_2_17_aarch64.manylinux2014_aarch64.whl", hash = "sha256:9cc44bf0315268e253bf563f3560e6c004efe38f76db03a1558274a6e04bf5d5"},
    {file = "coverage-7.6.0-cp312-cp312-manylinux_2_5_i686.manylinux1_i686.manylinux_2_17_i686.manylinux2014_i686.whl", hash = "sha256:da8549d17489cd52f85a9829d0e1d91059359b3c54a26f28bec2c5d369524807"},
    {file = "coverage-7.6.0-cp312-cp312-manylinux_2_5_x86_64.manylinux1_x86_64.manylinux_2_17_x86_64.manylinux2014_x86_64.whl", hash = "sha256:0086cd4fc71b7d485ac93ca4239c8f75732c2ae3ba83f6be1c9be59d9e2c6382"},
    {file = "coverage-7.6.0-cp312-cp312-musllinux_1_2_aarch64.whl", hash = "sha256:1fad32ee9b27350687035cb5fdf9145bc9cf0a094a9577d43e909948ebcfa27b"},
    {file = "coverage-7.6.0-cp312-cp312-musllinux_1_2_i686.whl", hash = "sha256:044a0985a4f25b335882b0966625270a8d9db3d3409ddc49a4eb00b0ef5e8cee"},
    {file = "coverage-7.6.0-cp312-cp312-musllinux_1_2_x86_64.whl", hash = "sha256:76d5f82213aa78098b9b964ea89de4617e70e0d43e97900c2778a50856dac605"},
    {file = "coverage-7.6.0-cp312-cp312-win32.whl", hash = "sha256:3c59105f8d58ce500f348c5b56163a4113a440dad6daa2294b5052a10db866da"},
    {file = "coverage-7.6.0-cp312-cp312-win_amd64.whl", hash = "sha256:ca5d79cfdae420a1d52bf177de4bc2289c321d6c961ae321503b2ca59c17ae67"},
    {file = "coverage-7.6.0.tar.gz", hash = "sha256:289cc803fa1dc901f84701ac10c9ee873619320f2f9aff38794db4a4a0268d51"},
]

[[package]]
name = "coverage"
version = "7.6.0"
extras = ["toml"]
requires_python = ">=3.8"
summary = "Code coverage measurement for Python"
groups = ["test"]
dependencies = [
    "coverage==7.6.0",
    "tomli; python_full_version <= \"3.11.0a6\"",
]
files = [
    {file = "coverage-7.6.0-cp312-cp312-macosx_10_9_x86_64.whl", hash = "sha256:f7db0b6ae1f96ae41afe626095149ecd1b212b424626175a6633c2999eaad45b"},
    {file = "coverage-7.6.0-cp312-cp312-macosx_11_0_arm64.whl", hash = "sha256:bbdf9a72403110a3bdae77948b8011f644571311c2fb35ee15f0f10a8fc082e8"},
    {file = "coverage-7.6.0-cp312-cp312-manylinux_2_17_aarch64.manylinux2014_aarch64.whl", hash = "sha256:9cc44bf0315268e253bf563f3560e6c004efe38f76db03a1558274a6e04bf5d5"},
    {file = "coverage-7.6.0-cp312-cp312-manylinux_2_5_i686.manylinux1_i686.manylinux_2_17_i686.manylinux2014_i686.whl", hash = "sha256:da8549d17489cd52f85a9829d0e1d91059359b3c54a26f28bec2c5d369524807"},
    {file = "coverage-7.6.0-cp312-cp312-manylinux_2_5_x86_64.manylinux1_x86_64.manylinux_2_17_x86_64.manylinux2014_x86_64.whl", hash = "sha256:0086cd4fc71b7d485ac93ca4239c8f75732c2ae3ba83f6be1c9be59d9e2c6382"},
    {file = "coverage-7.6.0-cp312-cp312-musllinux_1_2_aarch64.whl", hash = "sha256:1fad32ee9b27350687035cb5fdf9145bc9cf0a094a9577d43e909948ebcfa27b"},
    {file = "coverage-7.6.0-cp312-cp312-musllinux_1_2_i686.whl", hash = "sha256:044a0985a4f25b335882b0966625270a8d9db3d3409ddc49a4eb00b0ef5e8cee"},
    {file = "coverage-7.6.0-cp312-cp312-musllinux_1_2_x86_64.whl", hash = "sha256:76d5f82213aa78098b9b964ea89de4617e70e0d43e97900c2778a50856dac605"},
    {file = "coverage-7.6.0-cp312-cp312-win32.whl", hash = "sha256:3c59105f8d58ce500f348c5b56163a4113a440dad6daa2294b5052a10db866da"},
    {file = "coverage-7.6.0-cp312-cp312-win_amd64.whl", hash = "sha256:ca5d79cfdae420a1d52bf177de4bc2289c321d6c961ae321503b2ca59c17ae67"},
    {file = "coverage-7.6.0.tar.gz", hash = "sha256:289cc803fa1dc901f84701ac10c9ee873619320f2f9aff38794db4a4a0268d51"},
]

[[package]]
name = "crispy-bootstrap5"
version = "0.7"
requires_python = ">=3.7"
summary = "Bootstrap5 template pack for django-crispy-forms"
groups = ["default"]
dependencies = [
    "django-crispy-forms>=1.13.0",
    "django>=3.2",
]
files = [
    {file = "crispy-bootstrap5-0.7.tar.gz", hash = "sha256:0745a67199619149b7feca87dab7a45664876ed50fb582b38fd2aeb3f8a8d869"},
    {file = "crispy_bootstrap5-0.7-py3-none-any.whl", hash = "sha256:f3ff1ef5cb379fe80b1b02e245008f276444098a4bdb8d855bed84c623798a85"},
]

[[package]]
name = "cron-descriptor"
version = "1.4.3"
summary = "A Python library that converts cron expressions into human readable strings."
groups = ["default"]
files = [
    {file = "cron_descriptor-1.4.3-py3-none-any.whl", hash = "sha256:a67ba21804983b1427ed7f3e1ec27ee77bf24c652b0430239c268c5ddfbf9dc0"},
    {file = "cron_descriptor-1.4.3.tar.gz", hash = "sha256:7b1a00d7d25d6ae6896c0da4457e790b98cba778398a3d48e341e5e0d33f0488"},
]

[[package]]
name = "diff-match-patch"
version = "20230430"
requires_python = ">=3.7"
summary = "Diff Match and Patch"
groups = ["default"]
files = [
    {file = "diff-match-patch-20230430.tar.gz", hash = "sha256:953019cdb9c9d2c9e47b5b12bcff3cf4746fc4598eb406076fa1fc27e6a1f15c"},
    {file = "diff_match_patch-20230430-py3-none-any.whl", hash = "sha256:dce43505fb7b1b317de7195579388df0746d90db07015ed47a85e5e44930ef93"},
]

[[package]]
name = "distlib"
version = "0.3.8"
summary = "Distribution utilities"
groups = ["lint"]
files = [
    {file = "distlib-0.3.8-py2.py3-none-any.whl", hash = "sha256:034db59a0b96f8ca18035f36290806a9a6e6bd9d1ff91e45a7f172eb17e51784"},
    {file = "distlib-0.3.8.tar.gz", hash = "sha256:1530ea13e350031b6312d8580ddb6b27a104275a31106523b8f123787f494f64"},
]

[[package]]
name = "django"
version = "4.2.14"
requires_python = ">=3.8"
summary = "A high-level Python web framework that encourages rapid development and clean, pragmatic design."
groups = ["default", "lint", "test"]
dependencies = [
    "asgiref<4,>=3.6.0",
    "backports-zoneinfo; python_version < \"3.9\"",
    "sqlparse>=0.3.1",
    "tzdata; sys_platform == \"win32\"",
]
files = [
    {file = "Django-4.2.14-py3-none-any.whl", hash = "sha256:3ec32bc2c616ab02834b9cac93143a7dc1cdcd5b822d78ac95fc20a38c534240"},
    {file = "Django-4.2.14.tar.gz", hash = "sha256:fc6919875a6226c7ffcae1a7d51e0f2ceaf6f160393180818f6c95f51b1e7b96"},
]

[[package]]
name = "django-adaptors"
version = "0.2.5"
summary = "Convert CSV/XML files into python object or django model"
groups = ["default"]
dependencies = [
    "Django>=1.4",
]
files = [
    {file = "django-adaptors-0.2.5.tar.gz", hash = "sha256:f0abf8e80644a77fdf734c5b848262c9f3dc76d0fe33254fe20a47d01ba67597"},
]

[[package]]
name = "django-appconf"
version = "1.0.5"
requires_python = ">=3.6"
summary = "A helper class for handling configuration defaults of packaged apps gracefully."
groups = ["default"]
dependencies = [
    "django",
]
files = [
    {file = "django-appconf-1.0.5.tar.gz", hash = "sha256:be3db0be6c81fa84742000b89a81c016d70ae66a7ccb620cdef592b1f1a6aaa4"},
    {file = "django_appconf-1.0.5-py3-none-any.whl", hash = "sha256:ae9f864ee1958c815a965ed63b3fba4874eec13de10236ba063a788f9a17389d"},
]

[[package]]
name = "django-bootstrap5"
version = "23.3"
requires_python = ">=3.7"
summary = "Bootstrap 5 for Django"
groups = ["default"]
dependencies = [
    "django>=3.2",
]
files = [
    {file = "django_bootstrap5-23.3-py3-none-any.whl", hash = "sha256:ca1bb2f40175ed1c1725f52f249a574bf629b33b5a0af3bec0eab1de6d72836c"},
    {file = "django_bootstrap5-23.3.tar.gz", hash = "sha256:21e1956a8a819370decc5d365ce4f4207761cb065afec5a7df8c4c8c49507f2e"},
]

[[package]]
name = "django-celery-beat"
version = "2.5.0"
summary = "Database-backed Periodic Tasks."
groups = ["default"]
dependencies = [
    "Django<5.0,>=2.2",
    "backports-zoneinfo; python_version < \"3.9\"",
    "celery<6.0,>=5.2.3",
    "cron-descriptor>=1.2.32",
    "django-timezone-field>=5.0",
    "importlib-metadata<5.0; python_version < \"3.8\"",
    "python-crontab>=2.3.4",
    "tzdata",
]
files = [
    {file = "django-celery-beat-2.5.0.tar.gz", hash = "sha256:cd0a47f5958402f51ac0c715bc942ae33d7b50b4e48cba91bc3f2712be505df1"},
    {file = "django_celery_beat-2.5.0-py3-none-any.whl", hash = "sha256:ae460faa5ea142fba0875409095d22f6bd7bcc7377889b85e8cab5c0dfb781fe"},
]

[[package]]
name = "django-cors-headers"
version = "4.2.0"
requires_python = ">=3.8"
summary = "django-cors-headers is a Django application for handling the server headers required for Cross-Origin Resource Sharing (CORS)."
groups = ["default"]
dependencies = [
    "Django>=3.2",
]
files = [
    {file = "django_cors_headers-4.2.0-py3-none-any.whl", hash = "sha256:9ada212b0e2efd4a5e339360ffc869cb21ac5605e810afe69f7308e577ea5bde"},
    {file = "django_cors_headers-4.2.0.tar.gz", hash = "sha256:f9749c6410fe738278bc2b6ef17f05195bc7b251693c035752d8257026af024f"},
]

[[package]]
name = "django-crispy-forms"
version = "2.0"
requires_python = ">=3.7"
summary = "Best way to have Django DRY forms"
groups = ["default"]
dependencies = [
    "django>=3.2",
]
files = [
    {file = "django-crispy-forms-2.0.tar.gz", hash = "sha256:90193b068bf948d9c68449bc8260afed1a8e2afe11ee0bac8c4ebfaeb175b322"},
    {file = "django_crispy_forms-2.0-py3-none-any.whl", hash = "sha256:d1d4e585929058a9ab3b797666ea5b69320b9ba7937f9d146d32173246a6fd13"},
]

[[package]]
name = "django-debug-toolbar"
version = "4.1.0"
requires_python = ">=3.8"
summary = "A configurable set of panels that display various debug information about the current request/response."
groups = ["test"]
dependencies = [
    "django>=3.2.4",
    "sqlparse>=0.2",
]
files = [
    {file = "django_debug_toolbar-4.1.0-py3-none-any.whl", hash = "sha256:a0b532ef5d52544fd745d1dcfc0557fa75f6f0d1962a8298bd568427ef2fa436"},
    {file = "django_debug_toolbar-4.1.0.tar.gz", hash = "sha256:f57882e335593cb8e74c2bda9f1116bbb9ca8fc0d81b50a75ace0f83de5173c7"},
]

[[package]]
name = "django-filter"
version = "23.2"
requires_python = ">=3.7"
summary = "Django-filter is a reusable Django application for allowing users to filter querysets dynamically."
groups = ["default"]
dependencies = [
    "Django>=3.2",
]
files = [
    {file = "django-filter-23.2.tar.gz", hash = "sha256:2fe15f78108475eda525692813205fa6f9e8c1caf1ae65daa5862d403c6dbf00"},
    {file = "django_filter-23.2-py3-none-any.whl", hash = "sha256:d12d8e0fc6d3eb26641e553e5d53b191eb8cec611427d4bdce0becb1f7c172b5"},
]

[[package]]
name = "django-import-export"
version = "4.0.6"
requires_python = ">=3.8"
summary = "Django application and library for importing and exporting data with included admin integration."
groups = ["default"]
dependencies = [
    "Django>=3.2",
    "diff-match-patch",
    "tablib==3.5.0",
]
files = [
    {file = "django_import_export-4.0.6-py3-none-any.whl", hash = "sha256:7b170abd992c071fa221fa6bf1822abfee1518720d07cedeba4702bbac5f119d"},
    {file = "django_import_export-4.0.6.tar.gz", hash = "sha256:098ab4943edb93d6333aa8f6c97fb6a527d1d70a57f6a014f615c6f5ff5dd559"},
]

[[package]]
name = "django-select2"
version = "8.1.2"
requires_python = ">=3.8"
summary = "This is a Django_ integration of Select2_."
groups = ["default"]
dependencies = [
    "django-appconf>=0.6.0",
    "django>=3.2",
]
files = [
    {file = "django_select2-8.1.2-py3-none-any.whl", hash = "sha256:dc09e09299988dd7cc1f31c27582976377f0e1479101be1f3bb0d1f24216477f"},
    {file = "django_select2-8.1.2.tar.gz", hash = "sha256:f44685ee1c39090aade01e3ebc256702f05620f3c78a3c268440ad9a66070876"},
]

[[package]]
name = "django-stubs"
version = "5.0.2"
requires_python = ">=3.8"
summary = "Mypy stubs for Django"
groups = ["lint"]
dependencies = [
    "asgiref",
    "django",
    "django-stubs-ext>=5.0.2",
    "tomli; python_version < \"3.11\"",
    "types-PyYAML",
    "typing-extensions>=4.11.0",
]
files = [
    {file = "django_stubs-5.0.2-py3-none-any.whl", hash = "sha256:cb0c506cb5c54c64612e4a2ee8d6b913c6178560ec168009fe847c09747c304b"},
    {file = "django_stubs-5.0.2.tar.gz", hash = "sha256:236bc5606e5607cb968f92b648471f9edaa461a774bc013bf9e6bff8730f6bdf"},
]

[[package]]
name = "django-stubs-ext"
version = "5.0.2"
requires_python = ">=3.8"
summary = "Monkey-patching and extensions for django-stubs"
groups = ["lint"]
dependencies = [
    "django",
    "typing-extensions",
]
files = [
    {file = "django_stubs_ext-5.0.2-py3-none-any.whl", hash = "sha256:8d8efec5a86241266bec94a528fe21258ad90d78c67307f3ae5f36e81de97f12"},
    {file = "django_stubs_ext-5.0.2.tar.gz", hash = "sha256:409c62585d7f996cef5c760e6e27ea3ff29f961c943747e67519c837422cad32"},
]

[[package]]
name = "django-timezone-field"
version = "7.0"
requires_python = "<4.0,>=3.8"
summary = "A Django app providing DB, form, and REST framework fields for zoneinfo and pytz timezone objects."
groups = ["default"]
dependencies = [
    "Django<6.0,>=3.2",
    "backports-zoneinfo<0.3.0,>=0.2.1; python_version < \"3.9\"",
]
files = [
    {file = "django_timezone_field-7.0-py3-none-any.whl", hash = "sha256:3232e7ecde66ba4464abb6f9e6b8cc739b914efb9b29dc2cf2eee451f7cc2acb"},
    {file = "django_timezone_field-7.0.tar.gz", hash = "sha256:aa6f4965838484317b7f08d22c0d91a53d64e7bbbd34264468ae83d4023898a7"},
]

[[package]]
name = "djangorestframework"
version = "3.15.2"
requires_python = ">=3.8"
summary = "Web APIs for Django, made easy."
groups = ["default"]
dependencies = [
    "backports-zoneinfo; python_version < \"3.9\"",
    "django>=4.2",
]
files = [
    {file = "djangorestframework-3.15.2-py3-none-any.whl", hash = "sha256:2b8871b062ba1aefc2de01f773875441a961fefbf79f5eed1e32b2f096944b20"},
    {file = "djangorestframework-3.15.2.tar.gz", hash = "sha256:36fe88cd2d6c6bec23dca9804bab2ba5517a8bb9d8f47ebc68981b56840107ad"},
]

[[package]]
name = "djangorestframework-simplejwt"
version = "5.3.1"
requires_python = ">=3.8"
summary = "A minimal JSON Web Token authentication plugin for Django REST Framework"
groups = ["default"]
dependencies = [
    "django>=3.2",
    "djangorestframework>=3.12",
    "pyjwt<3,>=1.7.1",
]
files = [
    {file = "djangorestframework_simplejwt-5.3.1-py3-none-any.whl", hash = "sha256:381bc966aa46913905629d472cd72ad45faa265509764e20ffd440164c88d220"},
    {file = "djangorestframework_simplejwt-5.3.1.tar.gz", hash = "sha256:6c4bd37537440bc439564ebf7d6085e74c5411485197073f508ebdfa34bc9fae"},
]

[[package]]
name = "execnet"
version = "2.1.1"
requires_python = ">=3.8"
summary = "execnet: rapid multi-Python deployment"
groups = ["test"]
files = [
    {file = "execnet-2.1.1-py3-none-any.whl", hash = "sha256:26dee51f1b80cebd6d0ca8e74dd8745419761d3bef34163928cbebbdc4749fdc"},
    {file = "execnet-2.1.1.tar.gz", hash = "sha256:5189b52c6121c24feae288166ab41b32549c7e2348652736540b9e6e7d4e72e3"},
]

[[package]]
name = "filelock"
version = "3.15.4"
requires_python = ">=3.8"
summary = "A platform independent file lock."
groups = ["lint"]
files = [
    {file = "filelock-3.15.4-py3-none-any.whl", hash = "sha256:6ca1fffae96225dab4c6eaf1c4f4f28cd2568d3ec2a44e15a08520504de468e7"},
    {file = "filelock-3.15.4.tar.gz", hash = "sha256:2207938cbc1844345cb01a5a95524dae30f0ce089eba5b00378295a17e3e90cb"},
]

[[package]]
name = "flower"
version = "2.0.0"
requires_python = ">=3.7"
summary = "Celery Flower"
groups = ["default"]
dependencies = [
    "celery>=5.0.5",
    "humanize",
    "prometheus-client>=0.8.0",
    "pytz",
    "tornado<7.0.0,>=5.0.0",
]
files = [
    {file = "flower-2.0.0-py2.py3-none-any.whl", hash = "sha256:571f9ed1c57a622e862de35eceb8a4244f023fbcfb7175f53e45ebe679f46d90"},
    {file = "flower-2.0.0.tar.gz", hash = "sha256:5657785d728a54914256c34fd0551fe2d7152aab08062ebc645bf86b97b8aec5"},
]

[[package]]
name = "gunicorn"
version = "22.0.0"
requires_python = ">=3.7"
summary = "WSGI HTTP Server for UNIX"
groups = ["default"]
dependencies = [
    "importlib-metadata; python_version < \"3.8\"",
    "packaging",
]
files = [
    {file = "gunicorn-22.0.0-py3-none-any.whl", hash = "sha256:350679f91b24062c86e386e198a15438d53a7a8207235a78ba1b53df4c4378d9"},
    {file = "gunicorn-22.0.0.tar.gz", hash = "sha256:4a0b436239ff76fb33f11c07a16482c521a7e09c1ce3cc293c2330afe01bec63"},
]

[[package]]
name = "hiredis"
version = "2.2.3"
requires_python = ">=3.7"
summary = "Python wrapper for hiredis"
groups = ["default"]
files = [
    {file = "hiredis-2.2.3.tar.gz", hash = "sha256:e75163773a309e56a9b58165cf5a50e0f84b755f6ff863b2c01a38918fe92daa"},
]

[[package]]
name = "humanize"
version = "4.10.0"
requires_python = ">=3.8"
summary = "Python humanize utilities"
groups = ["default"]
files = [
    {file = "humanize-4.10.0-py3-none-any.whl", hash = "sha256:39e7ccb96923e732b5c2e27aeaa3b10a8dfeeba3eb965ba7b74a3eb0e30040a6"},
    {file = "humanize-4.10.0.tar.gz", hash = "sha256:06b6eb0293e4b85e8d385397c5868926820db32b9b654b932f57fa41c23c9978"},
]

[[package]]
name = "identify"
version = "2.6.0"
requires_python = ">=3.8"
summary = "File identification library for Python"
groups = ["lint"]
files = [
    {file = "identify-2.6.0-py2.py3-none-any.whl", hash = "sha256:e79ae4406387a9d300332b5fd366d8994f1525e8414984e1a59e058b2eda2dd0"},
    {file = "identify-2.6.0.tar.gz", hash = "sha256:cb171c685bdc31bcc4c1734698736a7d5b6c8bf2e0c15117f4d469c8640ae5cf"},
]

[[package]]
name = "iniconfig"
version = "2.0.0"
requires_python = ">=3.7"
summary = "brain-dead simple config-ini parsing"
groups = ["test"]
files = [
    {file = "iniconfig-2.0.0-py3-none-any.whl", hash = "sha256:b6a85871a79d2e3b22d2d1b94ac2824226a63c6b741c88f7ae975f18b6778374"},
    {file = "iniconfig-2.0.0.tar.gz", hash = "sha256:2d91e135bf72d31a410b17c16da610a82cb55f6b0477d1a902134b24a455b8b3"},
]

[[package]]
name = "isort"
version = "5.13.2"
requires_python = ">=3.8.0"
summary = "A Python utility / library to sort Python imports."
groups = ["lint"]
files = [
    {file = "isort-5.13.2-py3-none-any.whl", hash = "sha256:8ca5e72a8d85860d5a3fa69b8745237f2939afe12dbf656afbcb47fe72d947a6"},
    {file = "isort-5.13.2.tar.gz", hash = "sha256:48fdfcb9face5d58a4f6dde2e72a1fb8dcaf8ab26f95ab49fab84c2ddefb0109"},
]

[[package]]
name = "kombu"
version = "5.3.7"
requires_python = ">=3.8"
summary = "Messaging library for Python."
groups = ["default"]
dependencies = [
    "amqp<6.0.0,>=5.1.1",
    "backports-zoneinfo[tzdata]>=0.2.1; python_version < \"3.9\"",
    "typing-extensions; python_version < \"3.10\"",
    "vine",
]
files = [
    {file = "kombu-5.3.7-py3-none-any.whl", hash = "sha256:5634c511926309c7f9789f1433e9ed402616b56836ef9878f01bd59267b4c7a9"},
    {file = "kombu-5.3.7.tar.gz", hash = "sha256:011c4cd9a355c14a1de8d35d257314a1d2456d52b7140388561acac3cf1a97bf"},
]

[[package]]
name = "markdown"
version = "3.4.3"
requires_python = ">=3.7"
summary = "Python implementation of John Gruber's Markdown."
groups = ["default"]
dependencies = [
    "importlib-metadata>=4.4; python_version < \"3.10\"",
]
files = [
    {file = "Markdown-3.4.3-py3-none-any.whl", hash = "sha256:065fd4df22da73a625f14890dd77eb8040edcbd68794bcd35943be14490608b2"},
    {file = "Markdown-3.4.3.tar.gz", hash = "sha256:8bf101198e004dc93e84a12a7395e31aac6a9c9942848ae1d99b9d72cf9b3520"},
]

[[package]]
name = "mypy"
version = "1.10.0"
requires_python = ">=3.8"
summary = "Optional static typing for Python"
groups = ["lint"]
dependencies = [
    "mypy-extensions>=1.0.0",
    "tomli>=1.1.0; python_version < \"3.11\"",
    "typing-extensions>=4.1.0",
]
files = [
    {file = "mypy-1.10.0-cp312-cp312-macosx_10_9_x86_64.whl", hash = "sha256:a781f6ad4bab20eef8b65174a57e5203f4be627b46291f4589879bf4e257b97b"},
    {file = "mypy-1.10.0-cp312-cp312-macosx_11_0_arm64.whl", hash = "sha256:b808e12113505b97d9023b0b5e0c0705a90571c6feefc6f215c1df9381256e30"},
    {file = "mypy-1.10.0-cp312-cp312-manylinux_2_17_x86_64.manylinux2014_x86_64.whl", hash = "sha256:8f55583b12156c399dce2df7d16f8a5095291354f1e839c252ec6c0611e86e2e"},
    {file = "mypy-1.10.0-cp312-cp312-musllinux_1_1_x86_64.whl", hash = "sha256:4cf18f9d0efa1b16478c4c129eabec36148032575391095f73cae2e722fcf9d5"},
    {file = "mypy-1.10.0-cp312-cp312-win_amd64.whl", hash = "sha256:bc6ac273b23c6b82da3bb25f4136c4fd42665f17f2cd850771cb600bdd2ebeda"},
    {file = "mypy-1.10.0-py3-none-any.whl", hash = "sha256:f8c083976eb530019175aabadb60921e73b4f45736760826aa1689dda8208aee"},
    {file = "mypy-1.10.0.tar.gz", hash = "sha256:3d087fcbec056c4ee34974da493a826ce316947485cef3901f511848e687c131"},
]

[[package]]
name = "mypy-extensions"
version = "1.0.0"
requires_python = ">=3.5"
summary = "Type system extensions for programs checked with the mypy type checker."
groups = ["lint"]
files = [
    {file = "mypy_extensions-1.0.0-py3-none-any.whl", hash = "sha256:4392f6c0eb8a5668a69e23d168ffa70f0be9ccfd32b5cc2d26a34ae5b844552d"},
    {file = "mypy_extensions-1.0.0.tar.gz", hash = "sha256:75dbf8955dc00442a438fc4d0666508a9a97b6bd41aa2f0ffe9d2f2725af0782"},
]

[[package]]
name = "nodeenv"
version = "1.9.1"
requires_python = "!=3.0.*,!=3.1.*,!=3.2.*,!=3.3.*,!=3.4.*,!=3.5.*,!=3.6.*,>=2.7"
summary = "Node.js virtual environment builder"
groups = ["lint"]
files = [
    {file = "nodeenv-1.9.1-py2.py3-none-any.whl", hash = "sha256:ba11c9782d29c27c70ffbdda2d7415098754709be8a7056d79a737cd901155c9"},
    {file = "nodeenv-1.9.1.tar.gz", hash = "sha256:6ec12890a2dab7946721edbfbcd91f3319c6ccc9aec47be7c7e6b7011ee6645f"},
]

[[package]]
name = "packaging"
version = "24.1"
requires_python = ">=3.8"
summary = "Core utilities for Python packages"
groups = ["default", "test"]
files = [
    {file = "packaging-24.1-py3-none-any.whl", hash = "sha256:5b8f2217dbdbd2f7f384c41c628544e6d52f2d0f53c6d0c3ea61aa5d1d7ff124"},
    {file = "packaging-24.1.tar.gz", hash = "sha256:026ed72c8ed3fcce5bf8950572258698927fd1dbda10a5e981cdf0ac37f4f002"},
]

[[package]]
name = "pillow"
version = "10.2.0"
requires_python = ">=3.8"
summary = "Python Imaging Library (Fork)"
groups = ["default"]
files = [
    {file = "pillow-10.2.0-cp312-cp312-macosx_10_10_x86_64.whl", hash = "sha256:1b5e1b74d1bd1b78bc3477528919414874748dd363e6272efd5abf7654e68bef"},
    {file = "pillow-10.2.0-cp312-cp312-macosx_11_0_arm64.whl", hash = "sha256:0eae2073305f451d8ecacb5474997c08569fb4eb4ac231ffa4ad7d342fdc25ac"},
    {file = "pillow-10.2.0-cp312-cp312-manylinux_2_17_aarch64.manylinux2014_aarch64.whl", hash = "sha256:b7c2286c23cd350b80d2fc9d424fc797575fb16f854b831d16fd47ceec078f2c"},
    {file = "pillow-10.2.0-cp312-cp312-manylinux_2_17_x86_64.manylinux2014_x86_64.whl", hash = "sha256:1e23412b5c41e58cec602f1135c57dfcf15482013ce6e5f093a86db69646a5aa"},
    {file = "pillow-10.2.0-cp312-cp312-manylinux_2_28_aarch64.whl", hash = "sha256:52a50aa3fb3acb9cf7213573ef55d31d6eca37f5709c69e6858fe3bc04a5c2a2"},
    {file = "pillow-10.2.0-cp312-cp312-manylinux_2_28_x86_64.whl", hash = "sha256:127cee571038f252a552760076407f9cff79761c3d436a12af6000cd182a9d04"},
    {file = "pillow-10.2.0-cp312-cp312-musllinux_1_1_aarch64.whl", hash = "sha256:8d12251f02d69d8310b046e82572ed486685c38f02176bd08baf216746eb947f"},
    {file = "pillow-10.2.0-cp312-cp312-musllinux_1_1_x86_64.whl", hash = "sha256:54f1852cd531aa981bc0965b7d609f5f6cc8ce8c41b1139f6ed6b3c54ab82bfb"},
    {file = "pillow-10.2.0-cp312-cp312-win32.whl", hash = "sha256:257d8788df5ca62c980314053197f4d46eefedf4e6175bc9412f14412ec4ea2f"},
    {file = "pillow-10.2.0-cp312-cp312-win_amd64.whl", hash = "sha256:154e939c5f0053a383de4fd3d3da48d9427a7e985f58af8e94d0b3c9fcfcf4f9"},
    {file = "pillow-10.2.0-cp312-cp312-win_arm64.whl", hash = "sha256:f379abd2f1e3dddb2b61bc67977a6b5a0a3f7485538bcc6f39ec76163891ee48"},
    {file = "pillow-10.2.0.tar.gz", hash = "sha256:e87f0b2c78157e12d7686b27d63c070fd65d994e8ddae6f328e0dcf4a0cd007e"},
]

[[package]]
name = "platformdirs"
version = "4.2.2"
requires_python = ">=3.8"
summary = "A small Python package for determining appropriate platform-specific dirs, e.g. a `user data dir`."
groups = ["lint"]
files = [
    {file = "platformdirs-4.2.2-py3-none-any.whl", hash = "sha256:2d7a1657e36a80ea911db832a8a6ece5ee53d8de21edd5cc5879af6530b1bfee"},
    {file = "platformdirs-4.2.2.tar.gz", hash = "sha256:38b7b51f512eed9e84a22788b4bce1de17c0adb134d6becb09836e37d8654cd3"},
]

[[package]]
name = "pluggy"
version = "1.5.0"
requires_python = ">=3.8"
summary = "plugin and hook calling mechanisms for python"
groups = ["test"]
files = [
    {file = "pluggy-1.5.0-py3-none-any.whl", hash = "sha256:44e1ad92c8ca002de6377e165f3e0f1be63266ab4d554740532335b9d75ea669"},
    {file = "pluggy-1.5.0.tar.gz", hash = "sha256:2cffa88e94fdc978c4c574f15f9e59b7f4201d439195c3715ca9e2486f1d0cf1"},
]

[[package]]
name = "pre-commit"
version = "3.7.1"
requires_python = ">=3.9"
summary = "A framework for managing and maintaining multi-language pre-commit hooks."
groups = ["lint"]
dependencies = [
    "cfgv>=2.0.0",
    "identify>=1.0.0",
    "nodeenv>=0.11.1",
    "pyyaml>=5.1",
    "virtualenv>=20.10.0",
]
files = [
    {file = "pre_commit-3.7.1-py2.py3-none-any.whl", hash = "sha256:fae36fd1d7ad7d6a5a1c0b0d5adb2ed1a3bda5a21bf6c3e5372073d7a11cd4c5"},
    {file = "pre_commit-3.7.1.tar.gz", hash = "sha256:8ca3ad567bc78a4972a3f1a477e94a79d4597e8140a6e0b651c5e33899c3654a"},
]

[[package]]
name = "prometheus-client"
version = "0.20.0"
requires_python = ">=3.8"
summary = "Python client for the Prometheus monitoring system."
groups = ["default"]
files = [
    {file = "prometheus_client-0.20.0-py3-none-any.whl", hash = "sha256:cde524a85bce83ca359cc837f28b8c0db5cac7aa653a588fd7e84ba061c329e7"},
    {file = "prometheus_client-0.20.0.tar.gz", hash = "sha256:287629d00b147a32dcb2be0b9df905da599b2d82f80377083ec8463309a4bb89"},
]

[[package]]
name = "prompt-toolkit"
version = "3.0.47"
requires_python = ">=3.7.0"
summary = "Library for building powerful interactive command lines in Python"
groups = ["default"]
dependencies = [
    "wcwidth",
]
files = [
    {file = "prompt_toolkit-3.0.47-py3-none-any.whl", hash = "sha256:0d7bfa67001d5e39d02c224b663abc33687405033a8c422d0d675a5a13361d10"},
    {file = "prompt_toolkit-3.0.47.tar.gz", hash = "sha256:1e1b29cb58080b1e69f207c893a1a7bf16d127a5c30c9d17a25a5d77792e5360"},
]

[[package]]
name = "psycopg2"
version = "2.9.6"
requires_python = ">=3.6"
summary = ""
groups = ["default"]
files = [
    {file = "psycopg2-2.9.6.tar.gz", hash = "sha256:f15158418fd826831b28585e2ab48ed8df2d0d98f502a2b4fe619e7d5ca29011"},
]

[[package]]
name = "psycopg2-binary"
version = "2.9.9"
requires_python = ">=3.7"
summary = "psycopg2 - Python-PostgreSQL Database Adapter"
groups = ["default"]
files = [
    {file = "psycopg2-binary-2.9.9.tar.gz", hash = "sha256:7f01846810177d829c7692f1f5ada8096762d9172af1b1a28d4ab5b77c923c1c"},
    {file = "psycopg2_binary-2.9.9-cp312-cp312-macosx_10_9_x86_64.whl", hash = "sha256:8532fd6e6e2dc57bcb3bc90b079c60de896d2128c5d9d6f24a63875a95a088cf"},
    {file = "psycopg2_binary-2.9.9-cp312-cp312-macosx_11_0_arm64.whl", hash = "sha256:b0605eaed3eb239e87df0d5e3c6489daae3f7388d455d0c0b4df899519c6a38d"},
    {file = "psycopg2_binary-2.9.9-cp312-cp312-manylinux_2_17_aarch64.manylinux2014_aarch64.whl", hash = "sha256:8f8544b092a29a6ddd72f3556a9fcf249ec412e10ad28be6a0c0d948924f2212"},
    {file = "psycopg2_binary-2.9.9-cp312-cp312-manylinux_2_17_i686.manylinux2014_i686.whl", hash = "sha256:2d423c8d8a3c82d08fe8af900ad5b613ce3632a1249fd6a223941d0735fce493"},
    {file = "psycopg2_binary-2.9.9-cp312-cp312-manylinux_2_17_ppc64le.manylinux2014_ppc64le.whl", hash = "sha256:2e5afae772c00980525f6d6ecf7cbca55676296b580c0e6abb407f15f3706996"},
    {file = "psycopg2_binary-2.9.9-cp312-cp312-manylinux_2_17_x86_64.manylinux2014_x86_64.whl", hash = "sha256:6e6f98446430fdf41bd36d4faa6cb409f5140c1c2cf58ce0bbdaf16af7d3f119"},
    {file = "psycopg2_binary-2.9.9-cp312-cp312-musllinux_1_1_aarch64.whl", hash = "sha256:c77e3d1862452565875eb31bdb45ac62502feabbd53429fdc39a1cc341d681ba"},
    {file = "psycopg2_binary-2.9.9-cp312-cp312-musllinux_1_1_i686.whl", hash = "sha256:cb16c65dcb648d0a43a2521f2f0a2300f40639f6f8c1ecbc662141e4e3e1ee07"},
    {file = "psycopg2_binary-2.9.9-cp312-cp312-musllinux_1_1_ppc64le.whl", hash = "sha256:911dda9c487075abd54e644ccdf5e5c16773470a6a5d3826fda76699410066fb"},
    {file = "psycopg2_binary-2.9.9-cp312-cp312-musllinux_1_1_x86_64.whl", hash = "sha256:57fede879f08d23c85140a360c6a77709113efd1c993923c59fde17aa27599fe"},
    {file = "psycopg2_binary-2.9.9-cp312-cp312-win32.whl", hash = "sha256:64cf30263844fa208851ebb13b0732ce674d8ec6a0c86a4e160495d299ba3c93"},
    {file = "psycopg2_binary-2.9.9-cp312-cp312-win_amd64.whl", hash = "sha256:81ff62668af011f9a48787564ab7eded4e9fb17a4a6a74af5ffa6a457400d2ab"},
]

[[package]]
name = "pyjwt"
version = "2.8.0"
requires_python = ">=3.7"
summary = "JSON Web Token implementation in Python"
groups = ["default"]
dependencies = [
    "typing-extensions; python_version <= \"3.7\"",
]
files = [
    {file = "PyJWT-2.8.0-py3-none-any.whl", hash = "sha256:59127c392cc44c2da5bb3192169a91f429924e17aff6534d70fdc02ab3e04320"},
    {file = "PyJWT-2.8.0.tar.gz", hash = "sha256:57e28d156e3d5c10088e0c68abb90bfac3df82b40a71bd0daa20c65ccd5c23de"},
]

[[package]]
name = "pytest"
version = "8.1.1"
requires_python = ">=3.8"
summary = "pytest: simple powerful testing with Python"
groups = ["test"]
dependencies = [
    "colorama; sys_platform == \"win32\"",
    "exceptiongroup>=1.0.0rc8; python_version < \"3.11\"",
    "iniconfig",
    "packaging",
    "pluggy<2.0,>=1.4",
    "tomli>=1; python_version < \"3.11\"",
]
files = [
    {file = "pytest-8.1.1-py3-none-any.whl", hash = "sha256:2a8386cfc11fa9d2c50ee7b2a57e7d898ef90470a7a34c4b949ff59662bb78b7"},
    {file = "pytest-8.1.1.tar.gz", hash = "sha256:ac978141a75948948817d360297b7aae0fcb9d6ff6bc9ec6d514b85d5a65c044"},
]

[[package]]
name = "pytest-cov"
version = "5.0.0"
requires_python = ">=3.8"
summary = "Pytest plugin for measuring coverage."
groups = ["test"]
dependencies = [
    "coverage[toml]>=5.2.1",
    "pytest>=4.6",
]
files = [
    {file = "pytest-cov-5.0.0.tar.gz", hash = "sha256:5837b58e9f6ebd335b0f8060eecce69b662415b16dc503883a02f45dfeb14857"},
    {file = "pytest_cov-5.0.0-py3-none-any.whl", hash = "sha256:4f0764a1219df53214206bf1feea4633c3b558a2925c8b59f144f682861ce652"},
]

[[package]]
name = "pytest-django"
version = "4.8.0"
requires_python = ">=3.8"
summary = "A Django plugin for pytest."
groups = ["test"]
dependencies = [
    "pytest>=7.0.0",
]
files = [
    {file = "pytest-django-4.8.0.tar.gz", hash = "sha256:5d054fe011c56f3b10f978f41a8efb2e5adfc7e680ef36fb571ada1f24779d90"},
    {file = "pytest_django-4.8.0-py3-none-any.whl", hash = "sha256:ca1ddd1e0e4c227cf9e3e40a6afc6d106b3e70868fd2ac5798a22501271cd0c7"},
]

[[package]]
name = "pytest-xdist"
version = "3.6.1"
requires_python = ">=3.8"
summary = "pytest xdist plugin for distributed testing, most importantly across multiple CPUs"
groups = ["test"]
dependencies = [
    "execnet>=2.1",
    "pytest>=7.0.0",
]
files = [
    {file = "pytest_xdist-3.6.1-py3-none-any.whl", hash = "sha256:9ed4adfb68a016610848639bb7e02c9352d5d9f03d04809919e2dafc3be4cca7"},
    {file = "pytest_xdist-3.6.1.tar.gz", hash = "sha256:ead156a4db231eec769737f57668ef58a2084a34b2e55c4a8fa20d861107300d"},
]

[[package]]
name = "python-crontab"
version = "3.2.0"
summary = "Python Crontab API"
groups = ["default"]
dependencies = [
    "python-dateutil",
]
files = [
    {file = "python_crontab-3.2.0-py3-none-any.whl", hash = "sha256:82cb9b6a312d41ff66fd3caf3eed7115c28c195bfb50711bc2b4b9592feb9fe5"},
    {file = "python_crontab-3.2.0.tar.gz", hash = "sha256:40067d1dd39ade3460b2ad8557c7651514cd3851deffff61c5c60e1227c5c36b"},
]

[[package]]
name = "python-dateutil"
version = "2.8.2"
requires_python = "!=3.0.*,!=3.1.*,!=3.2.*,>=2.7"
summary = "Extensions to the standard Python datetime module"
groups = ["default"]
dependencies = [
    "six>=1.5",
]
files = [
    {file = "python-dateutil-2.8.2.tar.gz", hash = "sha256:0123cacc1627ae19ddf3c27a5de5bd67ee4586fbdd6440d9748f8abb483d3e86"},
    {file = "python_dateutil-2.8.2-py2.py3-none-any.whl", hash = "sha256:961d03dc3453ebbc59dbdea9e4e11c5651520a876d0f4db161e8674aae935da9"},
]

[[package]]
name = "pytz"
version = "2023.3"
summary = "World timezone definitions, modern and historical"
groups = ["default"]
files = [
    {file = "pytz-2023.3-py2.py3-none-any.whl", hash = "sha256:a151b3abb88eda1d4e34a9814df37de2a80e301e68ba0fd856fb9b46bfbbbffb"},
    {file = "pytz-2023.3.tar.gz", hash = "sha256:1d8ce29db189191fb55338ee6d0387d82ab59f3d00eac103412d64e0ebd0c588"},
]

[[package]]
name = "pyyaml"
version = "6.0.1"
requires_python = ">=3.6"
summary = "YAML parser and emitter for Python"
groups = ["lint"]
files = [
    {file = "PyYAML-6.0.1-cp312-cp312-macosx_10_9_x86_64.whl", hash = "sha256:855fb52b0dc35af121542a76b9a84f8d1cd886ea97c84703eaa6d88e37a2ad28"},
    {file = "PyYAML-6.0.1-cp312-cp312-macosx_11_0_arm64.whl", hash = "sha256:40df9b996c2b73138957fe23a16a4f0ba614f4c0efce1e9406a184b6d07fa3a9"},
    {file = "PyYAML-6.0.1-cp312-cp312-manylinux_2_17_aarch64.manylinux2014_aarch64.whl", hash = "sha256:a08c6f0fe150303c1c6b71ebcd7213c2858041a7e01975da3a99aed1e7a378ef"},
    {file = "PyYAML-6.0.1-cp312-cp312-manylinux_2_17_x86_64.manylinux2014_x86_64.whl", hash = "sha256:6c22bec3fbe2524cde73d7ada88f6566758a8f7227bfbf93a408a9d86bcc12a0"},
    {file = "PyYAML-6.0.1-cp312-cp312-musllinux_1_1_x86_64.whl", hash = "sha256:8d4e9c88387b0f5c7d5f281e55304de64cf7f9c0021a3525bd3b1c542da3b0e4"},
    {file = "PyYAML-6.0.1-cp312-cp312-win32.whl", hash = "sha256:d483d2cdf104e7c9fa60c544d92981f12ad66a457afae824d146093b8c294c54"},
    {file = "PyYAML-6.0.1-cp312-cp312-win_amd64.whl", hash = "sha256:0d3304d8c0adc42be59c5f8a4d9e3d7379e6955ad754aa9d6ab7a398b59dd1df"},
    {file = "PyYAML-6.0.1.tar.gz", hash = "sha256:bfdf460b1736c775f2ba9f6a92bca30bc2095067b8a9d77876d1fad6cc3b4a43"},
]

[[package]]
name = "redis"
version = "4.6.0"
requires_python = ">=3.7"
summary = "Python client for Redis database and key-value store"
groups = ["default"]
dependencies = [
    "async-timeout>=4.0.2; python_full_version <= \"3.11.2\"",
    "importlib-metadata>=1.0; python_version < \"3.8\"",
    "typing-extensions; python_version < \"3.8\"",
]
files = [
    {file = "redis-4.6.0-py3-none-any.whl", hash = "sha256:e2b03db868160ee4591de3cb90d40ebb50a90dd302138775937f6a42b7ed183c"},
    {file = "redis-4.6.0.tar.gz", hash = "sha256:585dc516b9eb042a619ef0a39c3d7d55fe81bdb4df09a52c9cdde0d07bf1aa7d"},
]

[[package]]
name = "ruff"
version = "0.4.8"
requires_python = ">=3.7"
summary = "An extremely fast Python linter and code formatter, written in Rust."
groups = ["lint"]
files = [
    {file = "ruff-0.4.8-py3-none-macosx_10_12_x86_64.whl", hash = "sha256:7663a6d78f6adb0eab270fa9cf1ff2d28618ca3a652b60f2a234d92b9ec89066"},
    {file = "ruff-0.4.8-py3-none-macosx_11_0_arm64.whl", hash = "sha256:eeceb78da8afb6de0ddada93112869852d04f1cd0f6b80fe464fd4e35c330913"},
    {file = "ruff-0.4.8-py3-none-manylinux_2_17_aarch64.manylinux2014_aarch64.whl", hash = "sha256:aad360893e92486662ef3be0a339c5ca3c1b109e0134fcd37d534d4be9fb8de3"},
    {file = "ruff-0.4.8-py3-none-manylinux_2_17_armv7l.manylinux2014_armv7l.whl", hash = "sha256:284c2e3f3396fb05f5f803c9fffb53ebbe09a3ebe7dda2929ed8d73ded736deb"},
    {file = "ruff-0.4.8-py3-none-manylinux_2_17_i686.manylinux2014_i686.whl", hash = "sha256:a7354f921e3fbe04d2a62d46707e569f9315e1a613307f7311a935743c51a764"},
    {file = "ruff-0.4.8-py3-none-manylinux_2_17_ppc64.manylinux2014_ppc64.whl", hash = "sha256:72584676164e15a68a15778fd1b17c28a519e7a0622161eb2debdcdabdc71883"},
    {file = "ruff-0.4.8-py3-none-manylinux_2_17_ppc64le.manylinux2014_ppc64le.whl", hash = "sha256:9678d5c9b43315f323af2233a04d747409d1e3aa6789620083a82d1066a35199"},
    {file = "ruff-0.4.8-py3-none-manylinux_2_17_s390x.manylinux2014_s390x.whl", hash = "sha256:704977a658131651a22b5ebeb28b717ef42ac6ee3b11e91dc87b633b5d83142b"},
    {file = "ruff-0.4.8-py3-none-manylinux_2_17_x86_64.manylinux2014_x86_64.whl", hash = "sha256:d05f8d6f0c3cce5026cecd83b7a143dcad503045857bc49662f736437380ad45"},
    {file = "ruff-0.4.8-py3-none-musllinux_1_2_aarch64.whl", hash = "sha256:6ea874950daca5697309d976c9afba830d3bf0ed66887481d6bca1673fc5b66a"},
    {file = "ruff-0.4.8-py3-none-musllinux_1_2_armv7l.whl", hash = "sha256:fc95aac2943ddf360376be9aa3107c8cf9640083940a8c5bd824be692d2216dc"},
    {file = "ruff-0.4.8-py3-none-musllinux_1_2_i686.whl", hash = "sha256:384154a1c3f4bf537bac69f33720957ee49ac8d484bfc91720cc94172026ceed"},
    {file = "ruff-0.4.8-py3-none-musllinux_1_2_x86_64.whl", hash = "sha256:e9d5ce97cacc99878aa0d084c626a15cd21e6b3d53fd6f9112b7fc485918e1fa"},
    {file = "ruff-0.4.8-py3-none-win32.whl", hash = "sha256:6d795d7639212c2dfd01991259460101c22aabf420d9b943f153ab9d9706e6a9"},
    {file = "ruff-0.4.8-py3-none-win_amd64.whl", hash = "sha256:e14a3a095d07560a9d6769a72f781d73259655919d9b396c650fc98a8157555d"},
    {file = "ruff-0.4.8-py3-none-win_arm64.whl", hash = "sha256:14019a06dbe29b608f6b7cbcec300e3170a8d86efaddb7b23405cb7f7dcaf780"},
    {file = "ruff-0.4.8.tar.gz", hash = "sha256:16d717b1d57b2e2fd68bd0bf80fb43931b79d05a7131aa477d66fc40fbd86268"},
]

[[package]]
name = "setuptools"
version = "71.1.0"
requires_python = ">=3.8"
summary = "Easily download, build, install, upgrade, and uninstall Python packages"
groups = ["lint"]
files = [
    {file = "setuptools-71.1.0-py3-none-any.whl", hash = "sha256:33874fdc59b3188304b2e7c80d9029097ea31627180896fb549c578ceb8a0855"},
    {file = "setuptools-71.1.0.tar.gz", hash = "sha256:032d42ee9fb536e33087fb66cac5f840eb9391ed05637b3f2a76a7c8fb477936"},
]

[[package]]
name = "six"
version = "1.16.0"
requires_python = ">=2.7, !=3.0.*, !=3.1.*, !=3.2.*"
summary = "Python 2 and 3 compatibility utilities"
groups = ["default"]
files = [
    {file = "six-1.16.0-py2.py3-none-any.whl", hash = "sha256:8abb2f1d86890a2dfb989f9a77cfcfd3e47c2a354b01111771326f8aa26e0254"},
    {file = "six-1.16.0.tar.gz", hash = "sha256:1e61c37477a1626458e36f7b1d82aa5c9b094fa4802892072e49de9c60c4c926"},
]

[[package]]
name = "sqlparse"
version = "0.5.0"
requires_python = ">=3.8"
summary = "A non-validating SQL parser."
groups = ["default", "lint", "test"]
files = [
    {file = "sqlparse-0.5.0-py3-none-any.whl", hash = "sha256:c204494cd97479d0e39f28c93d46c0b2d5959c7b9ab904762ea6c7af211c8663"},
    {file = "sqlparse-0.5.0.tar.gz", hash = "sha256:714d0a4932c059d16189f58ef5411ec2287a4360f17cdd0edd2d09d4c5087c93"},
]

[[package]]
name = "tablib"
version = "3.5.0"
requires_python = ">=3.8"
summary = "Format agnostic tabular data library (XLS, JSON, YAML, CSV, etc.)"
groups = ["default"]
files = [
    {file = "tablib-3.5.0-py3-none-any.whl", hash = "sha256:9821caa9eca6062ff7299fa645e737aecff982e6b2b42046928a6413c8dabfd9"},
    {file = "tablib-3.5.0.tar.gz", hash = "sha256:f6661dfc45e1d4f51fa8a6239f9c8349380859a5bfaa73280645f046d6c96e33"},
]

[[package]]
name = "tornado"
version = "6.4.1"
requires_python = ">=3.8"
summary = "Tornado is a Python web framework and asynchronous networking library, originally developed at FriendFeed."
groups = ["default"]
files = [
    {file = "tornado-6.4.1-cp38-abi3-macosx_10_9_universal2.whl", hash = "sha256:163b0aafc8e23d8cdc3c9dfb24c5368af84a81e3364745ccb4427669bf84aec8"},
    {file = "tornado-6.4.1-cp38-abi3-macosx_10_9_x86_64.whl", hash = "sha256:6d5ce3437e18a2b66fbadb183c1d3364fb03f2be71299e7d10dbeeb69f4b2a14"},
    {file = "tornado-6.4.1-cp38-abi3-manylinux_2_17_aarch64.manylinux2014_aarch64.whl", hash = "sha256:e2e20b9113cd7293f164dc46fffb13535266e713cdb87bd2d15ddb336e96cfc4"},
    {file = "tornado-6.4.1-cp38-abi3-manylinux_2_5_i686.manylinux1_i686.manylinux_2_17_i686.manylinux2014_i686.whl", hash = "sha256:8ae50a504a740365267b2a8d1a90c9fbc86b780a39170feca9bcc1787ff80842"},
    {file = "tornado-6.4.1-cp38-abi3-manylinux_2_5_x86_64.manylinux1_x86_64.manylinux_2_17_x86_64.manylinux2014_x86_64.whl", hash = "sha256:613bf4ddf5c7a95509218b149b555621497a6cc0d46ac341b30bd9ec19eac7f3"},
    {file = "tornado-6.4.1-cp38-abi3-musllinux_1_2_aarch64.whl", hash = "sha256:25486eb223babe3eed4b8aecbac33b37e3dd6d776bc730ca14e1bf93888b979f"},
    {file = "tornado-6.4.1-cp38-abi3-musllinux_1_2_i686.whl", hash = "sha256:454db8a7ecfcf2ff6042dde58404164d969b6f5d58b926da15e6b23817950fc4"},
    {file = "tornado-6.4.1-cp38-abi3-musllinux_1_2_x86_64.whl", hash = "sha256:a02a08cc7a9314b006f653ce40483b9b3c12cda222d6a46d4ac63bb6c9057698"},
    {file = "tornado-6.4.1-cp38-abi3-win32.whl", hash = "sha256:d9a566c40b89757c9aa8e6f032bcdb8ca8795d7c1a9762910c722b1635c9de4d"},
    {file = "tornado-6.4.1-cp38-abi3-win_amd64.whl", hash = "sha256:b24b8982ed444378d7f21d563f4180a2de31ced9d8d84443907a0a64da2072e7"},
    {file = "tornado-6.4.1.tar.gz", hash = "sha256:92d3ab53183d8c50f8204a51e6f91d18a15d5ef261e84d452800d4ff6fc504e9"},
]

[[package]]
name = "types-pyyaml"
version = "6.0.12.20240724"
requires_python = ">=3.8"
summary = "Typing stubs for PyYAML"
groups = ["lint"]
files = [
    {file = "types-PyYAML-6.0.12.20240724.tar.gz", hash = "sha256:cf7b31ae67e0c5b2919c703d2affc415485099d3fe6666a6912f040fd05cb67f"},
    {file = "types_PyYAML-6.0.12.20240724-py3-none-any.whl", hash = "sha256:e5becec598f3aa3a2ddf671de4a75fa1c6856fbf73b2840286c9d50fae2d5d48"},
]

[[package]]
name = "typing-extensions"
version = "4.12.2"
requires_python = ">=3.8"
summary = "Backported and Experimental Type Hints for Python 3.8+"
groups = ["lint"]
files = [
    {file = "typing_extensions-4.12.2-py3-none-any.whl", hash = "sha256:04e5ca0351e0f3f85c6853954072df659d0d13fac324d0072316b67d7794700d"},
    {file = "typing_extensions-4.12.2.tar.gz", hash = "sha256:1a7ead55c7e559dd4dee8856e3a88b41225abfe1ce8df57b7c13915fe121ffb8"},
]

[[package]]
name = "tzdata"
version = "2024.1"
requires_python = ">=2"
summary = "Provider of IANA time zone data"
groups = ["default", "lint", "test"]
files = [
    {file = "tzdata-2024.1-py2.py3-none-any.whl", hash = "sha256:9068bc196136463f5245e51efda838afa15aaeca9903f49050dfa2679db4d252"},
    {file = "tzdata-2024.1.tar.gz", hash = "sha256:2674120f8d891909751c38abcdfd386ac0a5a1127954fbc332af6b5ceae07efd"},
]

[[package]]
name = "vine"
version = "5.1.0"
requires_python = ">=3.6"
summary = "Python promises."
groups = ["default"]
files = [
    {file = "vine-5.1.0-py3-none-any.whl", hash = "sha256:40fdf3c48b2cfe1c38a49e9ae2da6fda88e4794c810050a728bd7413811fb1dc"},
    {file = "vine-5.1.0.tar.gz", hash = "sha256:8b62e981d35c41049211cf62a0a1242d8c1ee9bd15bb196ce38aefd6799e61e0"},
]

[[package]]
name = "virtualenv"
version = "20.26.3"
requires_python = ">=3.7"
summary = "Virtual Python Environment builder"
groups = ["lint"]
dependencies = [
    "distlib<1,>=0.3.7",
    "filelock<4,>=3.12.2",
    "importlib-metadata>=6.6; python_version < \"3.8\"",
    "platformdirs<5,>=3.9.1",
]
files = [
    {file = "virtualenv-20.26.3-py3-none-any.whl", hash = "sha256:8cc4a31139e796e9a7de2cd5cf2489de1217193116a8fd42328f1bd65f434589"},
    {file = "virtualenv-20.26.3.tar.gz", hash = "sha256:4c43a2a236279d9ea36a0d76f98d84bd6ca94ac4e0f4a3b9d46d05e10fea542a"},
]

[[package]]
name = "wcwidth"
version = "0.2.13"
summary = "Measures the displayed width of unicode strings in a terminal"
groups = ["default"]
dependencies = [
    "backports-functools-lru-cache>=1.2.1; python_version < \"3.2\"",
]
files = [
    {file = "wcwidth-0.2.13-py2.py3-none-any.whl", hash = "sha256:3da69048e4540d84af32131829ff948f1e022c1c6bdb8d6102117aac784f6859"},
    {file = "wcwidth-0.2.13.tar.gz", hash = "sha256:72ea0c06399eb286d978fdedb6923a9eb47e1c486ce63e9b4e64fc18303972b5"},
]
